
Microsoft Visual Studio Solution File, Format Version 12.00
# Visual Studio Version 16
VisualStudioVersion = 16.0.30002.166
MinimumVisualStudioVersion = 10.0.40219.1
Project("{FAE04EC0-301F-11D3-BF4B-00C04F79EFBC}") = "FinalProject", "FinalProject\FinalProject.csproj", "{DE7CA9BD-B4C9-4B42-BD2D-0C26CA4DBCBD}"
EndProject
Global
	GlobalSection(SolutionConfigurationPlatforms) = preSolution
		Debug|Any CPU = Debug|Any CPU
		Release|Any CPU = Release|Any CPU
	EndGlobalSection
	GlobalSection(ProjectConfigurationPlatforms) = postSolution
		{DE7CA9BD-B4C9-4B42-BD2D-0C26CA4DBCBD}.Debug|Any CPU.ActiveCfg = Debug|Any CPU
		{DE7CA9BD-B4C9-4B42-BD2D-0C26CA4DBCBD}.Debug|Any CPU.Build.0 = Debug|Any CPU
		{DE7CA9BD-B4C9-4B42-BD2D-0C26CA4DBCBD}.Release|Any CPU.ActiveCfg = Release|Any CPU
		{DE7CA9BD-B4C9-4B42-BD2D-0C26CA4DBCBD}.Release|Any CPU.Build.0 = Release|Any CPU
	EndGlobalSection
	GlobalSection(SolutionProperties) = preSolution
		HideSolutionNode = FALSE
	EndGlobalSection
	GlobalSection(ExtensibilityGlobals) = postSolution
		SolutionGuid = {A531DE9D-1916-4159-BDD6-1E27439EF55C}
	EndGlobalSection
EndGlobal
